{
  "name": "@trashed/bs-sentry",
  "version": "1.0.0",
  "lockfileVersion": 1,
  "requires": true,
  "dependencies": {
    "@sentry/browser": {
      "version": "5.10.1",
      "resolved": "https://registry.npmjs.org/@sentry/browser/-/browser-5.10.1.tgz",
      "integrity": "sha512-ti/8l/iinCVDZtNHxRVacfGAWDJ1xnLYjcodAh+SVZ7xAm1XApN2YvpggVRYVUbKRmrGQEW4yp4rhxNI9Z/06A==",
      "dev": true,
      "requires": {
        "@sentry/core": "5.10.1",
        "@sentry/types": "5.10.0",
        "@sentry/utils": "5.10.1",
        "tslib": "^1.9.3"
      }
    },
    "@sentry/core": {
      "version": "5.10.1",
      "resolved": "https://registry.npmjs.org/@sentry/core/-/core-5.10.1.tgz",
      "integrity": "sha512-MbiasA/cuMB0+9zVBGi5YLWRj7CdFQJOM29Vp8rm3xMaQDH0KHarpny1gOgMiLu/O/r8itjiZwKu+9pxOWGbeA==",
      "dev": true,
      "requires": {
        "@sentry/hub": "5.10.1",
        "@sentry/minimal": "5.10.1",
        "@sentry/types": "5.10.0",
        "@sentry/utils": "5.10.1",
        "tslib": "^1.9.3"
      }
    },
    "@sentry/hub": {
      "version": "5.10.1",
      "resolved": "https://registry.npmjs.org/@sentry/hub/-/hub-5.10.1.tgz",
      "integrity": "sha512-g+P+0cj6vKdf6Ct4S47MxHwSMIjtIadOwBhb4Lqwij5YPtQ4LpVr10peKbE+FMMvCNQSvQnJEhTDko+AE7AoYw==",
      "dev": true,
      "requires": {
        "@sentry/types": "5.10.0",
        "@sentry/utils": "5.10.1",
        "tslib": "^1.9.3"
      }
    },
    "@sentry/minimal": {
      "version": "5.10.1",
      "resolved": "https://registry.npmjs.org/@sentry/minimal/-/minimal-5.10.1.tgz",
      "integrity": "sha512-oKrLvKaah0xGVIYbS1I7dVbo73aWssfiT2ypl9DYt8MAFiwfiiXz68FlG4z9dPZ2jSz9Jm2SAYHFaYLvU26TBQ==",
      "dev": true,
      "requires": {
        "@sentry/hub": "5.10.1",
        "@sentry/types": "5.10.0",
        "tslib": "^1.9.3"
      }
    },
    "@sentry/types": {
      "version": "5.10.0",
      "resolved": "https://registry.npmjs.org/@sentry/types/-/types-5.10.0.tgz",
      "integrity": "sha512-TW20GzkCWsP6uAxR2JIpIkiitCKyIOfkyDsKBeLqYj4SaZjfvBPnzgNCcYR0L0UsP1/Es6oHooZfIGSkp6GGxQ==",
      "dev": true
    },
    "@sentry/utils": {
      "version": "5.10.1",
      "resolved": "https://registry.npmjs.org/@sentry/utils/-/utils-5.10.1.tgz",
      "integrity": "sha512-zdv03sINfJ8QXSHP49845qhkbdNUrX20AagUY+Arq2zxmM4XxnRVA7dtWDkyy55bTt0ziRuSikBxR3266t8mDg==",
      "dev": true,
      "requires": {
        "@sentry/types": "5.10.0",
        "tslib": "^1.9.3"
      }
    },
    "bs-platform": {
      "version": "7.0.1",
      "resolved": "https://registry.npmjs.org/bs-platform/-/bs-platform-7.0.1.tgz",
      "integrity": "sha512-UjStdtHhbtC/l6vKJ1XRDqrPk7rFf5PLYHtRX3akDXEYVnTbN36z0g4DEr5mU8S0N945e33HYts9x+i7hKKpZQ==",
      "dev": true
    },
    "tslib": {
      "version": "1.10.0",
      "resolved": "https://registry.npmjs.org/tslib/-/tslib-1.10.0.tgz",
      "integrity": "sha512-qOebF53frne81cf0S9B41ByenJ3/IuH8yJKngAX35CmiZySA0khhkovshKK+jGCaMnVomla7gVlIcc3EvKPbTQ==",
      "dev": true
    }
  }
}
